
Microsoft Visual Studio Solution File, Format Version 12.00
# Visual Studio Version 17
VisualStudioVersion = 17.11.35312.102
MinimumVisualStudioVersion = 10.0.40219.1
Project("{888888A0-9F3D-457C-B088-3A5042F75D52}") = "web_scraping_pos_xp", "web_scraping_pos_xp\web_scraping_pos_xp.pyproj", "{D2F9D9F1-7447-4AF1-B614-9EF78AFB2974}"
EndProject
Global
	GlobalSection(SolutionConfigurationPlatforms) = preSolution
		Debug|Any CPU = Debug|Any CPU
		Release|Any CPU = Release|Any CPU
	EndGlobalSection
	GlobalSection(ProjectConfigurationPlatforms) = postSolution
		{D2F9D9F1-7447-4AF1-B614-9EF78AFB2974}.Debug|Any CPU.ActiveCfg = Debug|Any CPU
		{D2F9D9F1-7447-4AF1-B614-9EF78AFB2974}.Release|Any CPU.ActiveCfg = Release|Any CPU
	EndGlobalSection
	GlobalSection(SolutionProperties) = preSolution
		HideSolutionNode = FALSE
	EndGlobalSection
	GlobalSection(ExtensibilityGlobals) = postSolution
		SolutionGuid = {2E209236-958A-4177-B14E-BF55C56C3205}
	EndGlobalSection
EndGlobal
